
Microsoft Visual Studio Solution File, Format Version 12.00
# Visual Studio Version 16
VisualStudioVersion = 16.0.30907.101
MinimumVisualStudioVersion = 10.0.40219.1
Project("{FAE04EC0-301F-11D3-BF4B-00C04F79EFBC}") = "project_test", "project_test.csproj", "{798C59F1-A380-4D58-8A40-0D1A4B6A233F}"
EndProject
Global
	GlobalSection(SolutionConfigurationPlatforms) = preSolution
		Debug|Any CPU = Debug|Any CPU
		Release|Any CPU = Release|Any CPU
	EndGlobalSection
	GlobalSection(ProjectConfigurationPlatforms) = postSolution
		{798C59F1-A380-4D58-8A40-0D1A4B6A233F}.Debug|Any CPU.ActiveCfg = Debug|Any CPU
		{798C59F1-A380-4D58-8A40-0D1A4B6A233F}.Debug|Any CPU.Build.0 = Debug|Any CPU
		{798C59F1-A380-4D58-8A40-0D1A4B6A233F}.Release|Any CPU.ActiveCfg = Release|Any CPU
		{798C59F1-A380-4D58-8A40-0D1A4B6A233F}.Release|Any CPU.Build.0 = Release|Any CPU
	EndGlobalSection
	GlobalSection(SolutionProperties) = preSolution
		HideSolutionNode = FALSE
	EndGlobalSection
	GlobalSection(ExtensibilityGlobals) = postSolution
		SolutionGuid = {53252403-1CA0-4467-8769-DFA1A37B9190}
	EndGlobalSection
EndGlobal
